
Microsoft Visual Studio Solution File, Format Version 12.00
# Visual Studio Version 16
VisualStudioVersion = 16.0.29613.14
MinimumVisualStudioVersion = 10.0.40219.1
Project("{A07B5EB6-E848-4116-A8D0-A826331D98C6}") = "rahulApplication1", "rahulApplication1\rahulApplication1.sfproj", "{4E288A5D-9635-47FD-B866-D01C16404FA7}"
EndProject
Project("{FAE04EC0-301F-11D3-BF4B-00C04F79EFBC}") = "Stateless1", "Stateless1\Stateless1.csproj", "{2A3E68AF-EF19-407F-8247-0ED5C3351407}"
EndProject
Global
	GlobalSection(SolutionConfigurationPlatforms) = preSolution
		Debug|Any CPU = Debug|Any CPU
		Debug|x64 = Debug|x64
		Release|Any CPU = Release|Any CPU
		Release|x64 = Release|x64
	EndGlobalSection
	GlobalSection(ProjectConfigurationPlatforms) = postSolution
		{4E288A5D-9635-47FD-B866-D01C16404FA7}.Debug|Any CPU.ActiveCfg = Debug|x64
		{4E288A5D-9635-47FD-B866-D01C16404FA7}.Debug|x64.ActiveCfg = Debug|x64
		{4E288A5D-9635-47FD-B866-D01C16404FA7}.Debug|x64.Build.0 = Debug|x64
		{4E288A5D-9635-47FD-B866-D01C16404FA7}.Debug|x64.Deploy.0 = Debug|x64
		{4E288A5D-9635-47FD-B866-D01C16404FA7}.Release|Any CPU.ActiveCfg = Release|x64
		{4E288A5D-9635-47FD-B866-D01C16404FA7}.Release|x64.ActiveCfg = Release|x64
		{4E288A5D-9635-47FD-B866-D01C16404FA7}.Release|x64.Build.0 = Release|x64
		{4E288A5D-9635-47FD-B866-D01C16404FA7}.Release|x64.Deploy.0 = Release|x64
		{2A3E68AF-EF19-407F-8247-0ED5C3351407}.Debug|Any CPU.ActiveCfg = Debug|Any CPU
		{2A3E68AF-EF19-407F-8247-0ED5C3351407}.Debug|Any CPU.Build.0 = Debug|Any CPU
		{2A3E68AF-EF19-407F-8247-0ED5C3351407}.Debug|x64.ActiveCfg = Debug|Any CPU
		{2A3E68AF-EF19-407F-8247-0ED5C3351407}.Debug|x64.Build.0 = Debug|Any CPU
		{2A3E68AF-EF19-407F-8247-0ED5C3351407}.Release|Any CPU.ActiveCfg = Release|Any CPU
		{2A3E68AF-EF19-407F-8247-0ED5C3351407}.Release|Any CPU.Build.0 = Release|Any CPU
		{2A3E68AF-EF19-407F-8247-0ED5C3351407}.Release|x64.ActiveCfg = Release|Any CPU
		{2A3E68AF-EF19-407F-8247-0ED5C3351407}.Release|x64.Build.0 = Release|Any CPU
	EndGlobalSection
	GlobalSection(SolutionProperties) = preSolution
		HideSolutionNode = FALSE
	EndGlobalSection
	GlobalSection(ExtensibilityGlobals) = postSolution
		SolutionGuid = {0AD3D76E-282F-4207-A4D5-AFB3200A90F8}
	EndGlobalSection
EndGlobal
